
Microsoft Visual Studio Solution File, Format Version 12.00
# Visual Studio Version 17
VisualStudioVersion = 17.9.34728.123
MinimumVisualStudioVersion = 10.0.40219.1
Project("{FAE04EC0-301F-11D3-BF4B-00C04F79EFBC}") = "BillingApp", "BillingApp\BillingApp.csproj", "{7F5A0A0F-8F7B-4B00-87A5-C454134F3D28}"
EndProject
Global
	GlobalSection(SolutionConfigurationPlatforms) = preSolution
		Debug|Any CPU = Debug|Any CPU
		Release|Any CPU = Release|Any CPU
	EndGlobalSection
	GlobalSection(ProjectConfigurationPlatforms) = postSolution
		{7F5A0A0F-8F7B-4B00-87A5-C454134F3D28}.Debug|Any CPU.ActiveCfg = Debug|Any CPU
		{7F5A0A0F-8F7B-4B00-87A5-C454134F3D28}.Debug|Any CPU.Build.0 = Debug|Any CPU
		{7F5A0A0F-8F7B-4B00-87A5-C454134F3D28}.Release|Any CPU.ActiveCfg = Release|Any CPU
		{7F5A0A0F-8F7B-4B00-87A5-C454134F3D28}.Release|Any CPU.Build.0 = Release|Any CPU
	EndGlobalSection
	GlobalSection(SolutionProperties) = preSolution
		HideSolutionNode = FALSE
	EndGlobalSection
	GlobalSection(ExtensibilityGlobals) = postSolution
		SolutionGuid = {CCC7B006-C4C3-478C-B067-68FF1A3221FE}
	EndGlobalSection
EndGlobal
